
Microsoft Visual Studio Solution File, Format Version 12.00
# Visual Studio Version 17
VisualStudioVersion = 17.9.34616.47
MinimumVisualStudioVersion = 10.0.40219.1
Project("{8BC9CEB8-8B4A-11D0-8D11-00A0C91BC942}") = "1436-Chapter5", "1436-Chapter5\1436-Chapter5.vcxproj", "{AC32D856-125E-4E4C-A2BE-50475DFBBC76}"
EndProject
Project("{8BC9CEB8-8B4A-11D0-8D11-00A0C91BC942}") = "Hi-lo game", "Hi-lo game\Hi-lo game.vcxproj", "{140E2DAE-5A9E-4645-A42C-FAD0BC2CB7DE}"
EndProject
Project("{8BC9CEB8-8B4A-11D0-8D11-00A0C91BC942}") = "demoingSpeed", "demoingSpeed\demoingSpeed.vcxproj", "{9A23C743-A957-4F35-B2C7-4E7944827C1A}"
EndProject
Project("{8BC9CEB8-8B4A-11D0-8D11-00A0C91BC942}") = "LoopsContinued-Mar7", "LoopsContinued-Mar7\LoopsContinued-Mar7.vcxproj", "{8BEB097B-F550-4924-9E9D-9D008B089EE4}"
EndProject
Project("{8BC9CEB8-8B4A-11D0-8D11-00A0C91BC942}") = "OneSubmissionOfLab4a", "OneSubmissionOfLab4a\OneSubmissionOfLab4a.vcxproj", "{FD5F5478-9361-4FF0-820F-1C0E11FC7723}"
EndProject
Project("{8BC9CEB8-8B4A-11D0-8D11-00A0C91BC942}") = "mar7-stillDemoingWhileLoops", "mar7-stillDemoingWhileLoops\mar7-stillDemoingWhileLoops.vcxproj", "{4B037C90-0AF9-4242-9E0C-2E91E7237848}"
EndProject
Project("{8BC9CEB8-8B4A-11D0-8D11-00A0C91BC942}") = "evenMoreChapter5Stuff", "evenMoreChapter5Stuff\evenMoreChapter5Stuff.vcxproj", "{F3DD8AFA-B8F9-4DCD-BCAE-2181F73500E7}"
EndProject
Project("{8BC9CEB8-8B4A-11D0-8D11-00A0C91BC942}") = "forLoopDemos", "forLoopDemos\forLoopDemos.vcxproj", "{A52B7BAA-7961-4076-94AB-4C84FED59C3F}"
EndProject
Project("{8BC9CEB8-8B4A-11D0-8D11-00A0C91BC942}") = "FinishingChapter5-Mar19", "FinishingChapter5-Mar19\FinishingChapter5-Mar19.vcxproj", "{25490E4A-633D-4975-B48D-0EFD24F34DDC}"
EndProject
Project("{8BC9CEB8-8B4A-11D0-8D11-00A0C91BC942}") = "OneSubmissionOfRockPaperScissors", "OneSubmissionOfRockPaperScissors\OneSubmissionOfRockPaperScissors.vcxproj", "{153D1B7D-2C92-409F-8BB7-D8C328B8CADB}"
EndProject
Project("{8BC9CEB8-8B4A-11D0-8D11-00A0C91BC942}") = "Lab5a-sumOfDigits", "Lab5a-sumOfDigits\Lab5a-sumOfDigits.vcxproj", "{4BF83ADF-5D78-4AC7-A08D-41C3E36493C7}"
EndProject
Project("{8BC9CEB8-8B4A-11D0-8D11-00A0C91BC942}") = "SomeNeatUsesOfForLoops", "SomeNeatUsesOfForLoops\SomeNeatUsesOfForLoops.vcxproj", "{A369C5A5-EF5C-4C5A-997E-0DBA737849DE}"
EndProject
Project("{8BC9CEB8-8B4A-11D0-8D11-00A0C91BC942}") = "Lab5b", "Lab5b\Lab5b.vcxproj", "{6531F40E-2FA8-4CFF-9FA2-90B5BBD50726}"
EndProject
Global
	GlobalSection(SolutionConfigurationPlatforms) = preSolution
		Debug|x64 = Debug|x64
		Debug|x86 = Debug|x86
		Release|x64 = Release|x64
		Release|x86 = Release|x86
	EndGlobalSection
	GlobalSection(ProjectConfigurationPlatforms) = postSolution
		{AC32D856-125E-4E4C-A2BE-50475DFBBC76}.Debug|x64.ActiveCfg = Debug|x64
		{AC32D856-125E-4E4C-A2BE-50475DFBBC76}.Debug|x64.Build.0 = Debug|x64
		{AC32D856-125E-4E4C-A2BE-50475DFBBC76}.Debug|x86.ActiveCfg = Debug|Win32
		{AC32D856-125E-4E4C-A2BE-50475DFBBC76}.Debug|x86.Build.0 = Debug|Win32
		{AC32D856-125E-4E4C-A2BE-50475DFBBC76}.Release|x64.ActiveCfg = Release|x64
		{AC32D856-125E-4E4C-A2BE-50475DFBBC76}.Release|x64.Build.0 = Release|x64
		{AC32D856-125E-4E4C-A2BE-50475DFBBC76}.Release|x86.ActiveCfg = Release|Win32
		{AC32D856-125E-4E4C-A2BE-50475DFBBC76}.Release|x86.Build.0 = Release|Win32
		{140E2DAE-5A9E-4645-A42C-FAD0BC2CB7DE}.Debug|x64.ActiveCfg = Debug|x64
		{140E2DAE-5A9E-4645-A42C-FAD0BC2CB7DE}.Debug|x64.Build.0 = Debug|x64
		{140E2DAE-5A9E-4645-A42C-FAD0BC2CB7DE}.Debug|x86.ActiveCfg = Debug|Win32
		{140E2DAE-5A9E-4645-A42C-FAD0BC2CB7DE}.Debug|x86.Build.0 = Debug|Win32
		{140E2DAE-5A9E-4645-A42C-FAD0BC2CB7DE}.Release|x64.ActiveCfg = Release|x64
		{140E2DAE-5A9E-4645-A42C-FAD0BC2CB7DE}.Release|x64.Build.0 = Release|x64
		{140E2DAE-5A9E-4645-A42C-FAD0BC2CB7DE}.Release|x86.ActiveCfg = Release|Win32
		{140E2DAE-5A9E-4645-A42C-FAD0BC2CB7DE}.Release|x86.Build.0 = Release|Win32
		{9A23C743-A957-4F35-B2C7-4E7944827C1A}.Debug|x64.ActiveCfg = Debug|x64
		{9A23C743-A957-4F35-B2C7-4E7944827C1A}.Debug|x64.Build.0 = Debug|x64
		{9A23C743-A957-4F35-B2C7-4E7944827C1A}.Debug|x86.ActiveCfg = Debug|Win32
		{9A23C743-A957-4F35-B2C7-4E7944827C1A}.Debug|x86.Build.0 = Debug|Win32
		{9A23C743-A957-4F35-B2C7-4E7944827C1A}.Release|x64.ActiveCfg = Release|x64
		{9A23C743-A957-4F35-B2C7-4E7944827C1A}.Release|x64.Build.0 = Release|x64
		{9A23C743-A957-4F35-B2C7-4E7944827C1A}.Release|x86.ActiveCfg = Release|Win32
		{9A23C743-A957-4F35-B2C7-4E7944827C1A}.Release|x86.Build.0 = Release|Win32
		{8BEB097B-F550-4924-9E9D-9D008B089EE4}.Debug|x64.ActiveCfg = Debug|x64
		{8BEB097B-F550-4924-9E9D-9D008B089EE4}.Debug|x64.Build.0 = Debug|x64
		{8BEB097B-F550-4924-9E9D-9D008B089EE4}.Debug|x86.ActiveCfg = Debug|Win32
		{8BEB097B-F550-4924-9E9D-9D008B089EE4}.Debug|x86.Build.0 = Debug|Win32
		{8BEB097B-F550-4924-9E9D-9D008B089EE4}.Release|x64.ActiveCfg = Release|x64
		{8BEB097B-F550-4924-9E9D-9D008B089EE4}.Release|x64.Build.0 = Release|x64
		{8BEB097B-F550-4924-9E9D-9D008B089EE4}.Release|x86.ActiveCfg = Release|Win32
		{8BEB097B-F550-4924-9E9D-9D008B089EE4}.Release|x86.Build.0 = Release|Win32
		{FD5F5478-9361-4FF0-820F-1C0E11FC7723}.Debug|x64.ActiveCfg = Debug|x64
		{FD5F5478-9361-4FF0-820F-1C0E11FC7723}.Debug|x64.Build.0 = Debug|x64
		{FD5F5478-9361-4FF0-820F-1C0E11FC7723}.Debug|x86.ActiveCfg = Debug|Win32
		{FD5F5478-9361-4FF0-820F-1C0E11FC7723}.Debug|x86.Build.0 = Debug|Win32
		{FD5F5478-9361-4FF0-820F-1C0E11FC7723}.Release|x64.ActiveCfg = Release|x64
		{FD5F5478-9361-4FF0-820F-1C0E11FC7723}.Release|x64.Build.0 = Release|x64
		{FD5F5478-9361-4FF0-820F-1C0E11FC7723}.Release|x86.ActiveCfg = Release|Win32
		{FD5F5478-9361-4FF0-820F-1C0E11FC7723}.Release|x86.Build.0 = Release|Win32
		{4B037C90-0AF9-4242-9E0C-2E91E7237848}.Debug|x64.ActiveCfg = Debug|x64
		{4B037C90-0AF9-4242-9E0C-2E91E7237848}.Debug|x64.Build.0 = Debug|x64
		{4B037C90-0AF9-4242-9E0C-2E91E7237848}.Debug|x86.ActiveCfg = Debug|Win32
		{4B037C90-0AF9-4242-9E0C-2E91E7237848}.Debug|x86.Build.0 = Debug|Win32
		{4B037C90-0AF9-4242-9E0C-2E91E7237848}.Release|x64.ActiveCfg = Release|x64
		{4B037C90-0AF9-4242-9E0C-2E91E7237848}.Release|x64.Build.0 = Release|x64
		{4B037C90-0AF9-4242-9E0C-2E91E7237848}.Release|x86.ActiveCfg = Release|Win32
		{4B037C90-0AF9-4242-9E0C-2E91E7237848}.Release|x86.Build.0 = Release|Win32
		{F3DD8AFA-B8F9-4DCD-BCAE-2181F73500E7}.Debug|x64.ActiveCfg = Debug|x64
		{F3DD8AFA-B8F9-4DCD-BCAE-2181F73500E7}.Debug|x64.Build.0 = Debug|x64
		{F3DD8AFA-B8F9-4DCD-BCAE-2181F73500E7}.Debug|x86.ActiveCfg = Debug|Win32
		{F3DD8AFA-B8F9-4DCD-BCAE-2181F73500E7}.Debug|x86.Build.0 = Debug|Win32
		{F3DD8AFA-B8F9-4DCD-BCAE-2181F73500E7}.Release|x64.ActiveCfg = Release|x64
		{F3DD8AFA-B8F9-4DCD-BCAE-2181F73500E7}.Release|x64.Build.0 = Release|x64
		{F3DD8AFA-B8F9-4DCD-BCAE-2181F73500E7}.Release|x86.ActiveCfg = Release|Win32
		{F3DD8AFA-B8F9-4DCD-BCAE-2181F73500E7}.Release|x86.Build.0 = Release|Win32
		{A52B7BAA-7961-4076-94AB-4C84FED59C3F}.Debug|x64.ActiveCfg = Debug|x64
		{A52B7BAA-7961-4076-94AB-4C84FED59C3F}.Debug|x64.Build.0 = Debug|x64
		{A52B7BAA-7961-4076-94AB-4C84FED59C3F}.Debug|x86.ActiveCfg = Debug|Win32
		{A52B7BAA-7961-4076-94AB-4C84FED59C3F}.Debug|x86.Build.0 = Debug|Win32
		{A52B7BAA-7961-4076-94AB-4C84FED59C3F}.Release|x64.ActiveCfg = Release|x64
		{A52B7BAA-7961-4076-94AB-4C84FED59C3F}.Release|x64.Build.0 = Release|x64
		{A52B7BAA-7961-4076-94AB-4C84FED59C3F}.Release|x86.ActiveCfg = Release|Win32
		{A52B7BAA-7961-4076-94AB-4C84FED59C3F}.Release|x86.Build.0 = Release|Win32
		{25490E4A-633D-4975-B48D-0EFD24F34DDC}.Debug|x64.ActiveCfg = Debug|x64
		{25490E4A-633D-4975-B48D-0EFD24F34DDC}.Debug|x64.Build.0 = Debug|x64
		{25490E4A-633D-4975-B48D-0EFD24F34DDC}.Debug|x86.ActiveCfg = Debug|Win32
		{25490E4A-633D-4975-B48D-0EFD24F34DDC}.Debug|x86.Build.0 = Debug|Win32
		{25490E4A-633D-4975-B48D-0EFD24F34DDC}.Release|x64.ActiveCfg = Release|x64
		{25490E4A-633D-4975-B48D-0EFD24F34DDC}.Release|x64.Build.0 = Release|x64
		{25490E4A-633D-4975-B48D-0EFD24F34DDC}.Release|x86.ActiveCfg = Release|Win32
		{25490E4A-633D-4975-B48D-0EFD24F34DDC}.Release|x86.Build.0 = Release|Win32
		{153D1B7D-2C92-409F-8BB7-D8C328B8CADB}.Debug|x64.ActiveCfg = Debug|x64
		{153D1B7D-2C92-409F-8BB7-D8C328B8CADB}.Debug|x64.Build.0 = Debug|x64
		{153D1B7D-2C92-409F-8BB7-D8C328B8CADB}.Debug|x86.ActiveCfg = Debug|Win32
		{153D1B7D-2C92-409F-8BB7-D8C328B8CADB}.Debug|x86.Build.0 = Debug|Win32
		{153D1B7D-2C92-409F-8BB7-D8C328B8CADB}.Release|x64.ActiveCfg = Release|x64
		{153D1B7D-2C92-409F-8BB7-D8C328B8CADB}.Release|x64.Build.0 = Release|x64
		{153D1B7D-2C92-409F-8BB7-D8C328B8CADB}.Release|x86.ActiveCfg = Release|Win32
		{153D1B7D-2C92-409F-8BB7-D8C328B8CADB}.Release|x86.Build.0 = Release|Win32
		{4BF83ADF-5D78-4AC7-A08D-41C3E36493C7}.Debug|x64.ActiveCfg = Debug|x64
		{4BF83ADF-5D78-4AC7-A08D-41C3E36493C7}.Debug|x64.Build.0 = Debug|x64
		{4BF83ADF-5D78-4AC7-A08D-41C3E36493C7}.Debug|x86.ActiveCfg = Debug|Win32
		{4BF83ADF-5D78-4AC7-A08D-41C3E36493C7}.Debug|x86.Build.0 = Debug|Win32
		{4BF83ADF-5D78-4AC7-A08D-41C3E36493C7}.Release|x64.ActiveCfg = Release|x64
		{4BF83ADF-5D78-4AC7-A08D-41C3E36493C7}.Release|x64.Build.0 = Release|x64
		{4BF83ADF-5D78-4AC7-A08D-41C3E36493C7}.Release|x86.ActiveCfg = Release|Win32
		{4BF83ADF-5D78-4AC7-A08D-41C3E36493C7}.Release|x86.Build.0 = Release|Win32
		{A369C5A5-EF5C-4C5A-997E-0DBA737849DE}.Debug|x64.ActiveCfg = Debug|x64
		{A369C5A5-EF5C-4C5A-997E-0DBA737849DE}.Debug|x64.Build.0 = Debug|x64
		{A369C5A5-EF5C-4C5A-997E-0DBA737849DE}.Debug|x86.ActiveCfg = Debug|Win32
		{A369C5A5-EF5C-4C5A-997E-0DBA737849DE}.Debug|x86.Build.0 = Debug|Win32
		{A369C5A5-EF5C-4C5A-997E-0DBA737849DE}.Release|x64.ActiveCfg = Release|x64
		{A369C5A5-EF5C-4C5A-997E-0DBA737849DE}.Release|x64.Build.0 = Release|x64
		{A369C5A5-EF5C-4C5A-997E-0DBA737849DE}.Release|x86.ActiveCfg = Release|Win32
		{A369C5A5-EF5C-4C5A-997E-0DBA737849DE}.Release|x86.Build.0 = Release|Win32
		{6531F40E-2FA8-4CFF-9FA2-90B5BBD50726}.Debug|x64.ActiveCfg = Debug|x64
		{6531F40E-2FA8-4CFF-9FA2-90B5BBD50726}.Debug|x64.Build.0 = Debug|x64
		{6531F40E-2FA8-4CFF-9FA2-90B5BBD50726}.Debug|x86.ActiveCfg = Debug|Win32
		{6531F40E-2FA8-4CFF-9FA2-90B5BBD50726}.Debug|x86.Build.0 = Debug|Win32
		{6531F40E-2FA8-4CFF-9FA2-90B5BBD50726}.Release|x64.ActiveCfg = Release|x64
		{6531F40E-2FA8-4CFF-9FA2-90B5BBD50726}.Release|x64.Build.0 = Release|x64
		{6531F40E-2FA8-4CFF-9FA2-90B5BBD50726}.Release|x86.ActiveCfg = Release|Win32
		{6531F40E-2FA8-4CFF-9FA2-90B5BBD50726}.Release|x86.Build.0 = Release|Win32
	EndGlobalSection
	GlobalSection(SolutionProperties) = preSolution
		HideSolutionNode = FALSE
	EndGlobalSection
	GlobalSection(ExtensibilityGlobals) = postSolution
		SolutionGuid = {DC2B12B3-8911-424B-95DC-BBFD46976738}
	EndGlobalSection
EndGlobal
